
Microsoft Visual Studio Solution File, Format Version 12.00
# Visual Studio Version 17
VisualStudioVersion = 17.1.32210.238
MinimumVisualStudioVersion = 10.0.40219.1
Project("{9A19103F-16F7-4668-BE54-9A1E7A4F7556}") = "TransferManagerCE", "TransferManagerCE.csproj", "{FC3BE7F8-408C-4F8B-9160-008F29BCFCBB}"
EndProject
Global
	GlobalSection(SolutionConfigurationPlatforms) = preSolution
		Debug|Any CPU = Debug|Any CPU
		Release|Any CPU = Release|Any CPU
		TEST Debug|Any CPU = TEST Debug|Any CPU
		TEST Release|Any CPU = TEST Release|Any CPU
	EndGlobalSection
	GlobalSection(ProjectConfigurationPlatforms) = postSolution
		{FC3BE7F8-408C-4F8B-9160-008F29BCFCBB}.Debug|Any CPU.ActiveCfg = Debug|Any CPU
		{FC3BE7F8-408C-4F8B-9160-008F29BCFCBB}.Debug|Any CPU.Build.0 = Debug|Any CPU
		{FC3BE7F8-408C-4F8B-9160-008F29BCFCBB}.Release|Any CPU.ActiveCfg = Release|Any CPU
		{FC3BE7F8-408C-4F8B-9160-008F29BCFCBB}.Release|Any CPU.Build.0 = Release|Any CPU
		{FC3BE7F8-408C-4F8B-9160-008F29BCFCBB}.TEST Debug|Any CPU.ActiveCfg = TEST Debug|Any CPU
		{FC3BE7F8-408C-4F8B-9160-008F29BCFCBB}.TEST Debug|Any CPU.Build.0 = TEST Debug|Any CPU
		{FC3BE7F8-408C-4F8B-9160-008F29BCFCBB}.TEST Release|Any CPU.ActiveCfg = TEST Release|Any CPU
		{FC3BE7F8-408C-4F8B-9160-008F29BCFCBB}.TEST Release|Any CPU.Build.0 = TEST Release|Any CPU
	EndGlobalSection
	GlobalSection(SolutionProperties) = preSolution
		HideSolutionNode = FALSE
	EndGlobalSection
	GlobalSection(ExtensibilityGlobals) = postSolution
		SolutionGuid = {0CDBB8F1-614C-40CD-BE19-CBAE28D94A11}
	EndGlobalSection
EndGlobal
